
Microsoft Visual Studio Solution File, Format Version 12.00
# Visual Studio 15
VisualStudioVersion = 15.0.26730.10
MinimumVisualStudioVersion = 10.0.40219.1
Project("{FAE04EC0-301F-11D3-BF4B-00C04F79EFBC}") = "practica_Clase1", "practica_Clase1\practica_Clase1.csproj", "{0846B9CB-4F60-4909-A232-4317E8BFA295}"
EndProject
Global
	GlobalSection(SolutionConfigurationPlatforms) = preSolution
		Debug|Any CPU = Debug|Any CPU
		Release|Any CPU = Release|Any CPU
	EndGlobalSection
	GlobalSection(ProjectConfigurationPlatforms) = postSolution
		{0846B9CB-4F60-4909-A232-4317E8BFA295}.Debug|Any CPU.ActiveCfg = Debug|Any CPU
		{0846B9CB-4F60-4909-A232-4317E8BFA295}.Debug|Any CPU.Build.0 = Debug|Any CPU
		{0846B9CB-4F60-4909-A232-4317E8BFA295}.Release|Any CPU.ActiveCfg = Release|Any CPU
		{0846B9CB-4F60-4909-A232-4317E8BFA295}.Release|Any CPU.Build.0 = Release|Any CPU
	EndGlobalSection
	GlobalSection(SolutionProperties) = preSolution
		HideSolutionNode = FALSE
	EndGlobalSection
	GlobalSection(ExtensibilityGlobals) = postSolution
		SolutionGuid = {0F132C6C-8EBA-4D49-8CE9-8779E028B08B}
	EndGlobalSection
EndGlobal
